Microsoft Visual Studio Solution File, Format Version 12.00
# Visual Studio Version 17
VisualStudioVersion = 17.5.2.0
MinimumVisualStudioVersion = 10.0.40219.1
Project("{FAE04EC0-301F-11D3-BF4B-00C04F79EFBC}") = "BackgroundManager", "BackgroundManager\BackgroundManager.csproj", "{2BD6FD9B-4B85-7F80-A923-D2DA84CF38AD}"
EndProject
Global
	GlobalSection(SolutionConfigurationPlatforms) = preSolution
		Debug|Any CPU = Debug|Any CPU
		Release|Any CPU = Release|Any CPU
	EndGlobalSection
	GlobalSection(ProjectConfigurationPlatforms) = postSolution
		{2BD6FD9B-4B85-7F80-A923-D2DA84CF38AD}.Debug|Any CPU.ActiveCfg = Debug|Any CPU
		{2BD6FD9B-4B85-7F80-A923-D2DA84CF38AD}.Debug|Any CPU.Build.0 = Debug|Any CPU
		{2BD6FD9B-4B85-7F80-A923-D2DA84CF38AD}.Release|Any CPU.ActiveCfg = Release|Any CPU
		{2BD6FD9B-4B85-7F80-A923-D2DA84CF38AD}.Release|Any CPU.Build.0 = Release|Any CPU
	EndGlobalSection
	GlobalSection(SolutionProperties) = preSolution
		HideSolutionNode = FALSE
	EndGlobalSection
	GlobalSection(ExtensibilityGlobals) = postSolution
		SolutionGuid = {06732FCB-61D1-47ED-ABAB-445D680D19FD}
	EndGlobalSection
EndGlobal
